
Microsoft Visual Studio Solution File, Format Version 12.00
# Visual Studio 15
VisualStudioVersion = 15.0.26124.0
MinimumVisualStudioVersion = 15.0.26124.0
Project("{2150E333-8FDC-42A3-9474-1A3956D46DE8}") = "src", "src", "{95960766-EBED-47FE-898E-DC2475B94A68}"
EndProject
Project("{FAE04EC0-301F-11D3-BF4B-00C04F79EFBC}") = "CommandAPI", "src\CommandAPI\CommandAPI.csproj", "{9FD196FD-A53F-4643-B0E9-3E62D29CCE38}"
EndProject
Project("{2150E333-8FDC-42A3-9474-1A3956D46DE8}") = "test", "test", "{31E2E61B-E85E-4033-A049-10467E3787ED}"
EndProject
Project("{FAE04EC0-301F-11D3-BF4B-00C04F79EFBC}") = "CommandAPI.Tests", "test\CommandAPI.Tests\CommandAPI.Tests.csproj", "{E82E0DA0-6689-4A45-B713-59E6BE4F6454}"
EndProject
Global
	GlobalSection(SolutionConfigurationPlatforms) = preSolution
		Debug|Any CPU = Debug|Any CPU
		Debug|x64 = Debug|x64
		Debug|x86 = Debug|x86
		Release|Any CPU = Release|Any CPU
		Release|x64 = Release|x64
		Release|x86 = Release|x86
	EndGlobalSection
	GlobalSection(SolutionProperties) = preSolution
		HideSolutionNode = FALSE
	EndGlobalSection
	GlobalSection(ProjectConfigurationPlatforms) = postSolution
		{9FD196FD-A53F-4643-B0E9-3E62D29CCE38}.Debug|Any CPU.ActiveCfg = Debug|Any CPU
		{9FD196FD-A53F-4643-B0E9-3E62D29CCE38}.Debug|Any CPU.Build.0 = Debug|Any CPU
		{9FD196FD-A53F-4643-B0E9-3E62D29CCE38}.Debug|x64.ActiveCfg = Debug|Any CPU
		{9FD196FD-A53F-4643-B0E9-3E62D29CCE38}.Debug|x64.Build.0 = Debug|Any CPU
		{9FD196FD-A53F-4643-B0E9-3E62D29CCE38}.Debug|x86.ActiveCfg = Debug|Any CPU
		{9FD196FD-A53F-4643-B0E9-3E62D29CCE38}.Debug|x86.Build.0 = Debug|Any CPU
		{9FD196FD-A53F-4643-B0E9-3E62D29CCE38}.Release|Any CPU.ActiveCfg = Release|Any CPU
		{9FD196FD-A53F-4643-B0E9-3E62D29CCE38}.Release|Any CPU.Build.0 = Release|Any CPU
		{9FD196FD-A53F-4643-B0E9-3E62D29CCE38}.Release|x64.ActiveCfg = Release|Any CPU
		{9FD196FD-A53F-4643-B0E9-3E62D29CCE38}.Release|x64.Build.0 = Release|Any CPU
		{9FD196FD-A53F-4643-B0E9-3E62D29CCE38}.Release|x86.ActiveCfg = Release|Any CPU
		{9FD196FD-A53F-4643-B0E9-3E62D29CCE38}.Release|x86.Build.0 = Release|Any CPU
		{E82E0DA0-6689-4A45-B713-59E6BE4F6454}.Debug|Any CPU.ActiveCfg = Debug|Any CPU
		{E82E0DA0-6689-4A45-B713-59E6BE4F6454}.Debug|Any CPU.Build.0 = Debug|Any CPU
		{E82E0DA0-6689-4A45-B713-59E6BE4F6454}.Debug|x64.ActiveCfg = Debug|Any CPU
		{E82E0DA0-6689-4A45-B713-59E6BE4F6454}.Debug|x64.Build.0 = Debug|Any CPU
		{E82E0DA0-6689-4A45-B713-59E6BE4F6454}.Debug|x86.ActiveCfg = Debug|Any CPU
		{E82E0DA0-6689-4A45-B713-59E6BE4F6454}.Debug|x86.Build.0 = Debug|Any CPU
		{E82E0DA0-6689-4A45-B713-59E6BE4F6454}.Release|Any CPU.ActiveCfg = Release|Any CPU
		{E82E0DA0-6689-4A45-B713-59E6BE4F6454}.Release|Any CPU.Build.0 = Release|Any CPU
		{E82E0DA0-6689-4A45-B713-59E6BE4F6454}.Release|x64.ActiveCfg = Release|Any CPU
		{E82E0DA0-6689-4A45-B713-59E6BE4F6454}.Release|x64.Build.0 = Release|Any CPU
		{E82E0DA0-6689-4A45-B713-59E6BE4F6454}.Release|x86.ActiveCfg = Release|Any CPU
		{E82E0DA0-6689-4A45-B713-59E6BE4F6454}.Release|x86.Build.0 = Release|Any CPU
	EndGlobalSection
	GlobalSection(NestedProjects) = preSolution
		{9FD196FD-A53F-4643-B0E9-3E62D29CCE38} = {95960766-EBED-47FE-898E-DC2475B94A68}
		{E82E0DA0-6689-4A45-B713-59E6BE4F6454} = {31E2E61B-E85E-4033-A049-10467E3787ED}
	EndGlobalSection
EndGlobal
